
Microsoft Visual Studio Solution File, Format Version 12.00
# Visual Studio Version 17
VisualStudioVersion = 17.14.36310.24
MinimumVisualStudioVersion = 10.0.40219.1
Project("{2150E333-8FDC-42A3-9474-1A3956D46DE8}") = "Solution Items", "Solution Items", "{8EC462FD-D22E-90A8-E5CE-7E832BA40C5D}"
	ProjectSection(SolutionItems) = preProject
		.dockerignore = .dockerignore
		docker-compose.yml = docker-compose.yml
		PostgreSQL.sql = PostgreSQL.sql
		README.md = README.md
		Script_AWS_CloudShell.sh = Script_AWS_CloudShell.sh
		Script_DockerCompose.sh = Script_DockerCompose.sh
	EndProjectSection
EndProject
Project("{FAE04EC0-301F-11D3-BF4B-00C04F79EFBC}") = "AWS_SQS_WebConsole_Worker", "AWS_SQS_WebConsole_Worker\AWS_SQS_WebConsole_Worker.csproj", "{B493290F-8717-4217-965E-26556DDA922F}"
EndProject
Project("{FAE04EC0-301F-11D3-BF4B-00C04F79EFBC}") = "AWS_ClassLibrary", "AWS_ClassLibrary\AWS_ClassLibrary.csproj", "{4AD8846D-7311-4AED-9377-CCDE171D9666}"
EndProject
Project("{FAE04EC0-301F-11D3-BF4B-00C04F79EFBC}") = "AWS_SNS_WebApi", "AWS_SNS_WebApi\AWS_SNS_WebApi.csproj", "{D601706E-06DD-41F7-8D8D-EB129E265898}"
EndProject
Global
	GlobalSection(SolutionConfigurationPlatforms) = preSolution
		Debug|Any CPU = Debug|Any CPU
		Release|Any CPU = Release|Any CPU
	EndGlobalSection
	GlobalSection(ProjectConfigurationPlatforms) = postSolution
		{B493290F-8717-4217-965E-26556DDA922F}.Debug|Any CPU.ActiveCfg = Debug|Any CPU
		{B493290F-8717-4217-965E-26556DDA922F}.Debug|Any CPU.Build.0 = Debug|Any CPU
		{B493290F-8717-4217-965E-26556DDA922F}.Release|Any CPU.ActiveCfg = Release|Any CPU
		{B493290F-8717-4217-965E-26556DDA922F}.Release|Any CPU.Build.0 = Release|Any CPU
		{4AD8846D-7311-4AED-9377-CCDE171D9666}.Debug|Any CPU.ActiveCfg = Debug|Any CPU
		{4AD8846D-7311-4AED-9377-CCDE171D9666}.Debug|Any CPU.Build.0 = Debug|Any CPU
		{4AD8846D-7311-4AED-9377-CCDE171D9666}.Release|Any CPU.ActiveCfg = Release|Any CPU
		{4AD8846D-7311-4AED-9377-CCDE171D9666}.Release|Any CPU.Build.0 = Release|Any CPU
		{D601706E-06DD-41F7-8D8D-EB129E265898}.Debug|Any CPU.ActiveCfg = Debug|Any CPU
		{D601706E-06DD-41F7-8D8D-EB129E265898}.Debug|Any CPU.Build.0 = Debug|Any CPU
		{D601706E-06DD-41F7-8D8D-EB129E265898}.Release|Any CPU.ActiveCfg = Release|Any CPU
		{D601706E-06DD-41F7-8D8D-EB129E265898}.Release|Any CPU.Build.0 = Release|Any CPU
	EndGlobalSection
	GlobalSection(SolutionProperties) = preSolution
		HideSolutionNode = FALSE
	EndGlobalSection
	GlobalSection(ExtensibilityGlobals) = postSolution
		SolutionGuid = {CBFB1D19-D7B7-49D5-B6EC-CE0F0FB06700}
	EndGlobalSection
EndGlobal
